
Microsoft Visual Studio Solution File, Format Version 12.00
# Visual Studio 2012
Project("{FAE04EC0-301F-11D3-BF4B-00C04F79EFBC}") = "FlowTest", "FlowTest\FlowTest.csproj", "{B406F0F9-E366-4B1B-A0B1-AE942E6DF480}"
EndProject
Project("{2150E333-8FDC-42A3-9474-1A3956D46DE8}") = "Samples", "Samples", "{F46D40F6-40E7-4332-A85A-4EE292A5B887}"
EndProject
Project("{FAE04EC0-301F-11D3-BF4B-00C04F79EFBC}") = "ChatTestSuite", "Samples\Chat\ChatTestSuite\ChatTestSuite.csproj", "{3A8C87E0-E70A-435E-B7EC-5C99A6F060D4}"
EndProject
Project("{FAE04EC0-301F-11D3-BF4B-00C04F79EFBC}") = "ChatClient", "Samples\Chat\SampleClient\ChatClient.csproj", "{5AD8D5FE-8FF7-4539-B650-E73A9A0E0A99}"
EndProject
Project("{FAE04EC0-301F-11D3-BF4B-00C04F79EFBC}") = "ChatServer", "Samples\Chat\SampleServer\ChatServer.csproj", "{4BA1BAF3-63F7-4D27-803B-EC6D02A32D22}"
EndProject
Global
	GlobalSection(SolutionConfigurationPlatforms) = preSolution
		Debug|x86 = Debug|x86
		Release|x86 = Release|x86
	EndGlobalSection
	GlobalSection(ProjectConfigurationPlatforms) = postSolution
		{3A8C87E0-E70A-435E-B7EC-5C99A6F060D4}.Debug|x86.ActiveCfg = Debug|Any CPU
		{3A8C87E0-E70A-435E-B7EC-5C99A6F060D4}.Debug|x86.Build.0 = Debug|Any CPU
		{3A8C87E0-E70A-435E-B7EC-5C99A6F060D4}.Release|x86.ActiveCfg = Release|Any CPU
		{3A8C87E0-E70A-435E-B7EC-5C99A6F060D4}.Release|x86.Build.0 = Release|Any CPU
		{4BA1BAF3-63F7-4D27-803B-EC6D02A32D22}.Debug|x86.ActiveCfg = Debug|x86
		{4BA1BAF3-63F7-4D27-803B-EC6D02A32D22}.Debug|x86.Build.0 = Debug|x86
		{4BA1BAF3-63F7-4D27-803B-EC6D02A32D22}.Release|x86.ActiveCfg = Release|x86
		{4BA1BAF3-63F7-4D27-803B-EC6D02A32D22}.Release|x86.Build.0 = Release|x86
		{5AD8D5FE-8FF7-4539-B650-E73A9A0E0A99}.Debug|x86.ActiveCfg = Debug|x86
		{5AD8D5FE-8FF7-4539-B650-E73A9A0E0A99}.Debug|x86.Build.0 = Debug|x86
		{5AD8D5FE-8FF7-4539-B650-E73A9A0E0A99}.Release|x86.ActiveCfg = Release|x86
		{5AD8D5FE-8FF7-4539-B650-E73A9A0E0A99}.Release|x86.Build.0 = Release|x86
		{B406F0F9-E366-4B1B-A0B1-AE942E6DF480}.Debug|x86.ActiveCfg = Debug|x86
		{B406F0F9-E366-4B1B-A0B1-AE942E6DF480}.Debug|x86.Build.0 = Debug|x86
		{B406F0F9-E366-4B1B-A0B1-AE942E6DF480}.Release|x86.ActiveCfg = Release|x86
		{B406F0F9-E366-4B1B-A0B1-AE942E6DF480}.Release|x86.Build.0 = Release|x86
	EndGlobalSection
	GlobalSection(NestedProjects) = preSolution
		{3A8C87E0-E70A-435E-B7EC-5C99A6F060D4} = {F46D40F6-40E7-4332-A85A-4EE292A5B887}
		{5AD8D5FE-8FF7-4539-B650-E73A9A0E0A99} = {F46D40F6-40E7-4332-A85A-4EE292A5B887}
		{4BA1BAF3-63F7-4D27-803B-EC6D02A32D22} = {F46D40F6-40E7-4332-A85A-4EE292A5B887}
	EndGlobalSection
EndGlobal
